
Microsoft Visual Studio Solution File, Format Version 12.00
# Visual Studio 15
Project("{FAE04EC0-301F-11D3-BF4B-00C04F79EFBC}") = "Assembly-CSharp", "Assembly-CSharp.csproj", "{1D3479D2-E18E-426C-075F-CF705A153AF5}"
EndProject
Project("{FAE04EC0-301F-11D3-BF4B-00C04F79EFBC}") = "Assembly-CSharp-Editor", "Assembly-CSharp-Editor.csproj", "{2A86B163-6686-9366-E581-B36D8AAF83B3}"
EndProject
Global
	GlobalSection(SolutionConfigurationPlatforms) = preSolution
		Debug|Any CPU = Debug|Any CPU
		Release|Any CPU = Release|Any CPU
	EndGlobalSection
	GlobalSection(ProjectConfigurationPlatforms) = postSolution
		{1D3479D2-E18E-426C-075F-CF705A153AF5}.Debug|Any CPU.ActiveCfg = Debug|Any CPU
		{1D3479D2-E18E-426C-075F-CF705A153AF5}.Debug|Any CPU.Build.0 = Debug|Any CPU
		{1D3479D2-E18E-426C-075F-CF705A153AF5}.Release|Any CPU.ActiveCfg = Release|Any CPU
		{1D3479D2-E18E-426C-075F-CF705A153AF5}.Release|Any CPU.Build.0 = Release|Any CPU
		{2A86B163-6686-9366-E581-B36D8AAF83B3}.Debug|Any CPU.ActiveCfg = Debug|Any CPU
		{2A86B163-6686-9366-E581-B36D8AAF83B3}.Debug|Any CPU.Build.0 = Debug|Any CPU
		{2A86B163-6686-9366-E581-B36D8AAF83B3}.Release|Any CPU.ActiveCfg = Release|Any CPU
		{2A86B163-6686-9366-E581-B36D8AAF83B3}.Release|Any CPU.Build.0 = Release|Any CPU
	EndGlobalSection
	GlobalSection(SolutionProperties) = preSolution
		HideSolutionNode = FALSE
	EndGlobalSection
EndGlobal
